
Microsoft Visual Studio Solution File, Format Version 12.00
# Visual Studio Version 16
VisualStudioVersion = 25.0.1706.12
MinimumVisualStudioVersion = 10.0.40219.1
Project("{FAE04EC0-301F-11D3-BF4B-00C04F79EFBC}") = "uKnow", "uKnow\uKnow.csproj", "{F1E2C908-3F2C-4124-83D0-2EDFD478900A}"
EndProject
Global
	GlobalSection(SolutionConfigurationPlatforms) = preSolution
		Debug|Any CPU = Debug|Any CPU
		Release|Any CPU = Release|Any CPU
	EndGlobalSection
	GlobalSection(ProjectConfigurationPlatforms) = postSolution
		{F1E2C908-3F2C-4124-83D0-2EDFD478900A}.Debug|Any CPU.ActiveCfg = Debug|Any CPU
		{F1E2C908-3F2C-4124-83D0-2EDFD478900A}.Debug|Any CPU.Build.0 = Debug|Any CPU
		{F1E2C908-3F2C-4124-83D0-2EDFD478900A}.Release|Any CPU.ActiveCfg = Release|Any CPU
		{F1E2C908-3F2C-4124-83D0-2EDFD478900A}.Release|Any CPU.Build.0 = Release|Any CPU
	EndGlobalSection
	GlobalSection(SolutionProperties) = preSolution
		HideSolutionNode = FALSE
	EndGlobalSection
	GlobalSection(ExtensibilityGlobals) = postSolution
		SolutionGuid = {1311783F-303E-46BB-A6D5-790E8897DDAA}
	EndGlobalSection
EndGlobal
